
Microsoft Visual Studio Solution File, Format Version 12.00
# Visual Studio Version 16
VisualStudioVersion = 16.0.29418.71
MinimumVisualStudioVersion = 10.0.40219.1
Project("{FAE04EC0-301F-11D3-BF4B-00C04F79EFBC}") = "DebitOrCredit", "DebitOrCredit.csproj", "{323F77EF-E98F-4442-B2F9-62D9C4D8E6F0}"
EndProject
Global
	GlobalSection(SolutionConfigurationPlatforms) = preSolution
		Debug|Any CPU = Debug|Any CPU
		Release|Any CPU = Release|Any CPU
	EndGlobalSection
	GlobalSection(ProjectConfigurationPlatforms) = postSolution
		{323F77EF-E98F-4442-B2F9-62D9C4D8E6F0}.Debug|Any CPU.ActiveCfg = Debug|Any CPU
		{323F77EF-E98F-4442-B2F9-62D9C4D8E6F0}.Debug|Any CPU.Build.0 = Debug|Any CPU
		{323F77EF-E98F-4442-B2F9-62D9C4D8E6F0}.Release|Any CPU.ActiveCfg = Release|Any CPU
		{323F77EF-E98F-4442-B2F9-62D9C4D8E6F0}.Release|Any CPU.Build.0 = Release|Any CPU
	EndGlobalSection
	GlobalSection(SolutionProperties) = preSolution
		HideSolutionNode = FALSE
	EndGlobalSection
	GlobalSection(ExtensibilityGlobals) = postSolution
		SolutionGuid = {3D5ED959-92C2-4469-BF70-D6E5312171C4}
	EndGlobalSection
EndGlobal
